// !$*UTF8*$!
{
	archiveVersion = 1;
	classes = {
	};
	objectVersion = 46;
	objects = {

/* Begin PBXBuildFile section */
		8CB6CDD11EE15D0A003A10F9 /* main.m in Sources */ = {isa = PBXBuildFile; fileRef = 8CB6CDD01EE15D0A003A10F9 /* main.m */; };
		8CB6CDD41EE15D0A003A10F9 /* AppDelegate.m in Sources */ = {isa = PBXBuildFile; fileRef = 8CB6CDD31EE15D0A003A10F9 /* AppDelegate.m */; };
		8CB6CDD71EE15D0A003A10F9 /* ViewController.m in Sources */ = {isa = PBXBuildFile; fileRef = 8CB6CDD61EE15D0A003A10F9 /* ViewController.m */; };
		8CB6CDDA1EE15D0A003A10F9 /* Main.storyboard in Resources */ = {isa = PBXBuildFile; fileRef = 8CB6CDD81EE15D0A003A10F9 /* Main.storyboard */; };
		8CB6CDDC1EE15D0A003A10F9 /* Assets.xcassets in Resources */ = {isa = PBXBuildFile; fileRef = 8CB6CDDB1EE15D0A003A10F9 /* Assets.xcassets */; };
		8CB6CDDF1EE15D0A003A10F9 /* LaunchScreen.storyboard in Resources */ = {isa = PBXBuildFile; fileRef = 8CB6CDDD1EE15D0A003A10F9 /* LaunchScreen.storyboard */; };
		8CB6CDE71EE15D80003A10F9 /* SampleVideo_1280x720_5mb.mp4 in Resources */ = {isa = PBXBuildFile; fileRef = 8CB6CDE61EE15D80003A10F9 /* SampleVideo_1280x720_5mb.mp4 */; };
		8CB6CDEA1EE15D8E003A10F9 /* AVFoundation.framework in Frameworks */ = {isa = PBXBuildFile; fileRef = 8CB6CDE91EE15D8E003A10F9 /* AVFoundation.framework */; };
		8CB6CDEC1EE15D95003A10F9 /* AVKit.framework in Frameworks */ = {isa = PBXBuildFile; fileRef = 8CB6CDEB1EE15D95003A10F9 /* AVKit.framework */; };
/* End PBXBuildFile section */

/* Begin PBXFileReference section */
		8CB6CDCC1EE15D0A003A10F9 /* Playing Video.app */ = {isa = PBXFileReference; explicitFileType = wrapper.application; includeInIndex = 0; path = "Playing Video.app"; sourceTree = BUILT_PRODUCTS_DIR; };
		8CB6CDD01EE15D0A003A10F9 /* main.m */ = {isa = PBXFileReference; lastKnownFileType = sourcecode.c.objc; path = main.m; sourceTree = "<group>"; };
		8CB6CDD21EE15D0A003A10F9 /* AppDelegate.h */ = {isa = PBXFileReference; lastKnownFileType = sourcecode.c.h; path = AppDelegate.h; sourceTree = "<group>"; };
		8CB6CDD31EE15D0A003A10F9 /* AppDelegate.m */ = {isa = PBXFileReference; lastKnownFileType = sourcecode.c.objc; path = AppDelegate.m; sourceTree = "<group>"; };
		8CB6CDD51EE15D0A003A10F9 /* ViewController.h */ = {isa = PBXFileReference; lastKnownFileType = sourcecode.c.h; path = ViewController.h; sourceTree = "<group>"; };
		8CB6CDD61EE15D0A003A10F9 /* ViewController.m */ = {isa = PBXFileReference; lastKnownFileType = sourcecode.c.objc; path = ViewController.m; sourceTree = "<group>"; };
		8CB6CDD91EE15D0A003A10F9 /* Base */ = {isa = PBXFileReference; lastKnownFileType = file.storyboard; name = Base; path = Base.lproj/Main.storyboard; sourceTree = "<group>"; };
		8CB6CDDB1EE15D0A003A10F9 /* Assets.xcassets */ = {isa = PBXFileReference; lastKnownFileType = folder.assetcatalog; path = Assets.xcassets; sourceTree = "<group>"; };
		8CB6CDDE1EE15D0A003A10F9 /* Base */ = {isa = PBXFileReference; lastKnownFileType = file.storyboard; name = Base; path = Base.lproj/LaunchScreen.storyboard; sourceTree = "<group>"; };
		8CB6CDE01EE15D0A003A10F9 /* Info.plist */ = {isa = PBXFileReference; lastKnownFileType = text.plist.xml; path = Info.plist; sourceTree = "<group>"; };
		8CB6CDE61EE15D80003A10F9 /* SampleVideo_1280x720_5mb.mp4 */ = {isa = PBXFileReference; lastKnownFileType = file; path = SampleVideo_1280x720_5mb.mp4; sourceTree = "<group>"; };
		8CB6CDE91EE15D8E003A10F9 /* AVFoundation.framework */ = {isa = PBXFileReference; lastKnownFileType = wrapper.framework; name = AVFoundation.framework; path = System/Library/Frameworks/AVFoundation.framework; sourceTree = SDKROOT; };
		8CB6CDEB1EE15D95003A10F9 /* AVKit.framework */ = {isa = PBXFileReference; lastKnownFileType = wrapper.framework; name = AVKit.framework; path = System/Library/Frameworks/AVKit.framework; sourceTree = SDKROOT; };
/* End PBXFileReference section */

/* Begin PBXFrameworksBuildPhase section */
		8CB6CDC91EE15D0A003A10F9 /* Frameworks */ = {
			isa = PBXFrameworksBuildPhase;
			buildActionMask = 2147483647;
			files = (
				8CB6CDEC1EE15D95003A10F9 /* AVKit.framework in Frameworks */,
				8CB6CDEA1EE15D8E003A10F9 /* AVFoundation.framework in Frameworks */,
			);
			runOnlyForDeploymentPostprocessing = 0;
		};
/* End PBXFrameworksBuildPhase section */

/* Begin PBXGroup section */
		8CB6CDC31EE15D0A003A10F9 = {
			isa = PBXGroup;
			children = (
				8CB6CDCE1EE15D0A003A10F9 /* Playing Video */,
				8CB6CDCD1EE15D0A003A10F9 /* Products */,
				8CB6CDE81EE15D8E003A10F9 /* Frameworks */,
			);
			sourceTree = "<group>";
		};
		8CB6CDCD1EE15D0A003A10F9 /* Products */ = {
			isa = PBXGroup;
			children = (
				8CB6CDCC1EE15D0A003A10F9 /* Playing Video.app */,
			);
			name = Products;
			sourceTree = "<group>";
		};
		8CB6CDCE1EE15D0A003A10F9 /* Playing Video */ = {
			isa = PBXGroup;
			children = (
				8CB6CDD21EE15D0A003A10F9 /* AppDelegate.h */,
				8CB6CDD31EE15D0A003A10F9 /* AppDelegate.m */,
				8CB6CDD51EE15D0A003A10F9 /* ViewController.h */,
				8CB6CDD61EE15D0A003A10F9 /* ViewController.m */,
				8CB6CDD81EE15D0A003A10F9 /* Main.storyboard */,
				8CB6CDDB1EE15D0A003A10F9 /* Assets.xcassets */,
				8CB6CDDD1EE15D0A003A10F9 /* LaunchScreen.storyboard */,
				8CB6CDE01EE15D0A003A10F9 /* Info.plist */,
				8CB6CDCF1EE15D0A003A10F9 /* Supporting Files */,
			);
			path = "Playing Video";
			sourceTree = "<group>";
		};
		8CB6CDCF1EE15D0A003A10F9 /* Supporting Files */ = {
			isa = PBXGroup;
			children = (
				8CB6CDE61EE15D80003A10F9 /* SampleVideo_1280x720_5mb.mp4 */,
				8CB6CDD01EE15D0A003A10F9 /* main.m */,
			);
			name = "Supporting Files";
			sourceTree = "<group>";
		};
		8CB6CDE81EE15D8E003A10F9 /* Frameworks */ = {
			isa = PBXGroup;
			children = (
				8CB6CDEB1EE15D95003A10F9 /* AVKit.framework */,
				8CB6CDE91EE15D8E003A10F9 /* AVFoundation.framework */,
			);
			name = Frameworks;
			sourceTree = "<group>";
		};
/* End PBXGroup section */

/* Begin PBXNativeTarget section */
		8CB6CDCB1EE15D0A003A10F9 /* Playing Video */ = {
			isa = PBXNativeTarget;
			buildConfigurationList = 8CB6CDE31EE15D0A003A10F9 /* Build configuration list for PBXNativeTarget "Playing Video" */;
			buildPhases = (
				8CB6CDC81EE15D0A003A10F9 /* Sources */,
				8CB6CDC91EE15D0A003A10F9 /* Frameworks */,
				8CB6CDCA1EE15D0A003A10F9 /* Resources */,
			);
			buildRules = (
			);
			dependencies = (
			);
			name = "Playing Video";
			productName = "Playing Video";
			productReference = 8CB6CDCC1EE15D0A003A10F9 /* Playing Video.app */;
			productType = "com.apple.product-type.application";
		};
/* End PBXNativeTarget section */

/* Begin PBXProject section */
		8CB6CDC41EE15D0A003A10F9 /* Project object */ = {
			isa = PBXProject;
			attributes = {
				LastUpgradeCheck = 0830;
				ORGANIZATIONNAME = NM;
				TargetAttributes = {
					8CB6CDCB1EE15D0A003A10F9 = {
						CreatedOnToolsVersion = 8.3.2;
						DevelopmentTeam = T24WE95KS9;
						ProvisioningStyle = Automatic;
					};
				};
			};
			buildConfigurationList = 8CB6CDC71EE15D0A003A10F9 /* Build configuration list for PBXProject "Playing Video" */;
			compatibilityVersion = "Xcode 3.2";
			developmentRegion = English;
			hasScannedForEncodings = 0;
			knownRegions = (
				en,
				Base,
			);
			mainGroup = 8CB6CDC31EE15D0A003A10F9;
			productRefGroup = 8CB6CDCD1EE15D0A003A10F9 /* Products */;
			projectDirPath = "";
			projectRoot = "";
			targets = (
				8CB6CDCB1EE15D0A003A10F9 /* Playing Video */,
			);
		};
/* End PBXProject section */

/* Begin PBXResourcesBuildPhase section */
		8CB6CDCA1EE15D0A003A10F9 /* Resources */ = {
			isa = PBXResourcesBuildPhase;
			buildActionMask = 2147483647;
			files = (
				8CB6CDDF1EE15D0A003A10F9 /* LaunchScreen.storyboard in Resources */,
				8CB6CDDC1EE15D0A003A10F9 /* Assets.xcassets in Resources */,
				8CB6CDE71EE15D80003A10F9 /* SampleVideo_1280x720_5mb.mp4 in Resources */,
				8CB6CDDA1EE15D0A003A10F9 /* Main.storyboard in Resources */,
			);
			runOnlyForDeploymentPostprocessing = 0;
		};
/* End PBXResourcesBuildPhase section */

/* Begin PBXSourcesBuildPhase section */
		8CB6CDC81EE15D0A003A10F9 /* Sources */ = {
			isa = PBXSourcesBuildPhase;
			buildActionMask = 2147483647;
			files = (
				8CB6CDD71EE15D0A003A10F9 /* ViewController.m in Sources */,
				8CB6CDD41EE15D0A003A10F9 /* AppDelegate.m in Sources */,
				8CB6CDD11EE15D0A003A10F9 /* main.m in Sources */,
			);
			runOnlyForDeploymentPostprocessing = 0;
		};
/* End PBXSourcesBuildPhase section */

/* Begin PBXVariantGroup section */
		8CB6CDD81EE15D0A003A10F9 /* Main.storyboard */ = {
			isa = PBXVariantGroup;
			children = (
				8CB6CDD91EE15D0A003A10F9 /* Base */,
			);
			name = Main.storyboard;
			sourceTree = "<group>";
		};
		8CB6CDDD1EE15D0A003A10F9 /* LaunchScreen.storyboard */ = {
			isa = PBXVariantGroup;
			children = (
				8CB6CDDE1EE15D0A003A10F9 /* Base */,
			);
			name = LaunchScreen.storyboard;
			sourceTree = "<group>";
		};
/* End PBXVariantGroup section */

/* Begin XCBuildConfiguration section */
		8CB6CDE11EE15D0A003A10F9 /* Debug */ = {
			isa = XCBuildConfiguration;
			buildSettings = {
				ALWAYS_SEARCH_USER_PATHS = NO;
				CLANG_ANALYZER_NONNULL = YES;
				CLANG_ANALYZER_NUMBER_OBJECT_CONVERSION = YES_AGGRESSIVE;
				CLANG_CXX_LANGUAGE_STANDARD = "gnu++0x";
				CLANG_CXX_LIBRARY = "libc++";
				CLANG_ENABLE_MODULES = YES;
				CLANG_ENABLE_OBJC_ARC = YES;
				CLANG_WARN_BOOL_CONVERSION = YES;
				CLANG_WARN_CONSTANT_CONVERSION = YES;
				CLANG_WARN_DIRECT_OBJC_ISA_USAGE = YES_ERROR;
				CLANG_WARN_DOCUMENTATION_COMMENTS = YES;
				CLANG_WARN_EMPTY_BODY = YES;
				CLANG_WARN_ENUM_CONVERSION = YES;
				CLANG_WARN_INFINITE_RECURSION = YES;
				CLANG_WARN_INT_CONVERSION = YES;
				CLANG_WARN_OBJC_ROOT_CLASS = YES_ERROR;
				CLANG_WARN_SUSPICIOUS_MOVE = YES;
				CLANG_WARN_UNREACHABLE_CODE = YES;
				CLANG_WARN__DUPLICATE_METHOD_MATCH = YES;
				"CODE_SIGN_IDENTITY[sdk=iphoneos*]" = "iPhone Developer";
				COPY_PHASE_STRIP = NO;
				DEBUG_INFORMATION_FORMAT = dwarf;
				ENABLE_STRICT_OBJC_MSGSEND = YES;
				ENABLE_TESTABILITY = YES;
				GCC_C_LANGUAGE_STANDARD = gnu99;
				GCC_DYNAMIC_NO_PIC = NO;
				GCC_NO_COMMON_BLOCKS = YES;
				GCC_OPTIMIZATION_LEVEL = 0;
				GCC_PREPROCESSOR_DEFINITIONS = (
					"DEBUG=1",
					"$(inherited)",
				);
				GCC_WARN_64_TO_32_BIT_CONVERSION = YES;
				GCC_WARN_ABOUT_RETURN_TYPE = YES_ERROR;
				GCC_WARN_UNDECLARED_SELECTOR = YES;
				GCC_WARN_UNINITIALIZED_AUTOS = YES_AGGRESSIVE;
				GCC_WARN_UNUSED_FUNCTION = YES;
				GCC_WARN_UNUSED_VARIABLE = YES;
				IPHONEOS_DEPLOYMENT_TARGET = 10.3;
				MTL_ENABLE_DEBUG_INFO = YES;
				ONLY_ACTIVE_ARCH = YES;
				SDKROOT = iphoneos;
			};
			name = Debug;
		};
		8CB6CDE21EE15D0A003A10F9 /* Release */ = {
			isa = XCBuildConfiguration;
			buildSettings = {
				ALWAYS_SEARCH_USER_PATHS = NO;
				CLANG_ANALYZER_NONNULL = YES;
				CLANG_ANALYZER_NUMBER_OBJECT_CONVERSION = YES_AGGRESSIVE;
				CLANG_CXX_LANGUAGE_STANDARD = "gnu++0x";
				CLANG_CXX_LIBRARY = "libc++";
				CLANG_ENABLE_MODULES = YES;
				CLANG_ENABLE_OBJC_ARC = YES;
				CLANG_WARN_BOOL_CONVERSION = YES;
				CLANG_WARN_CONSTANT_CONVERSION = YES;
				CLANG_WARN_DIRECT_OBJC_ISA_USAGE = YES_ERROR;
				CLANG_WARN_DOCUMENTATION_COMMENTS = YES;
				CLANG_WARN_EMPTY_BODY = YES;
				CLANG_WARN_ENUM_CONVERSION = YES;
				CLANG_WARN_INFINITE_RECURSION = YES;
				CLANG_WARN_INT_CONVERSION = YES;
				CLANG_WARN_OBJC_ROOT_CLASS = YES_ERROR;
				CLANG_WARN_SUSPICIOUS_MOVE = YES;
				CLANG_WARN_UNREACHABLE_CODE = YES;
				CLANG_WARN__DUPLICATE_METHOD_MATCH = YES;
				"CODE_SIGN_IDENTITY[sdk=iphoneos*]" = "iPhone Developer";
				COPY_PHASE_STRIP = NO;
				DEBUG_INFORMATION_FORMAT = "dwarf-with-dsym";
				ENABLE_NS_ASSERTIONS = NO;
				ENABLE_STRICT_OBJC_MSGSEND = YES;
				GCC_C_LANGUAGE_STANDARD = gnu99;
				GCC_NO_COMMON_BLOCKS = YES;
				GCC_WARN_64_TO_32_BIT_CONVERSION = YES;
				GCC_WARN_ABOUT_RETURN_TYPE = YES_ERROR;
				GCC_WARN_UNDECLARED_SELECTOR = YES;
				GCC_WARN_UNINITIALIZED_AUTOS = YES_AGGRESSIVE;
				GCC_WARN_UNUSED_FUNCTION = YES;
				GCC_WARN_UNUSED_VARIABLE = YES;
				IPHONEOS_DEPLOYMENT_TARGET = 10.3;
				MTL_ENABLE_DEBUG_INFO = NO;
				SDKROOT = iphoneos;
				VALIDATE_PRODUCT = YES;
			};
			name = Release;
		};
		8CB6CDE41EE15D0A003A10F9 /* Debug */ = {
			isa = XCBuildConfiguration;
			buildSettings = {
				ASSETCATALOG_COMPILER_APPICON_NAME = AppIcon;
				DEVELOPMENT_TEAM = T24WE95KS9;
				INFOPLIST_FILE = "Playing Video/Info.plist";
				LD_RUNPATH_SEARCH_PATHS = "$(inherited) @executable_path/Frameworks";
				PRODUCT_BUNDLE_IDENTIFIER = "simon.Playing-Video";
				PRODUCT_NAME = "$(TARGET_NAME)";
			};
			name = Debug;
		};
		8CB6CDE51EE15D0A003A10F9 /* Release */ = {
			isa = XCBuildConfiguration;
			buildSettings = {
				ASSETCATALOG_COMPILER_APPICON_NAME = AppIcon;
				DEVELOPMENT_TEAM = T24WE95KS9;
				INFOPLIST_FILE = "Playing Video/Info.plist";
				LD_RUNPATH_SEARCH_PATHS = "$(inherited) @executable_path/Frameworks";
				PRODUCT_BUNDLE_IDENTIFIER = "simon.Playing-Video";
				PRODUCT_NAME = "$(TARGET_NAME)";
			};
			name = Release;
		};
/* End XCBuildConfiguration section */

/* Begin XCConfigurationList section */
		8CB6CDC71EE15D0A003A10F9 /* Build configuration list for PBXProject "Playing Video" */ = {
			isa = XCConfigurationList;
			buildConfigurations = (
				8CB6CDE11EE15D0A003A10F9 /* Debug */,
				8CB6CDE21EE15D0A003A10F9 /* Release */,
			);
			defaultConfigurationIsVisible = 0;
			defaultConfigurationName = Release;
		};
		8CB6CDE31EE15D0A003A10F9 /* Build configuration list for PBXNativeTarget "Playing Video" */ = {
			isa = XCConfigurationList;
			buildConfigurations = (
				8CB6CDE41EE15D0A003A10F9 /* Debug */,
				8CB6CDE51EE15D0A003A10F9 /* Release */,
			);
			defaultConfigurationIsVisible = 0;
		};
/* End XCConfigurationList section */
	};
	rootObject = 8CB6CDC41EE15D0A003A10F9 /* Project object */;
}
